# This file is autogenerated, do not edit; changes may be undone by the next 'dep ensure'.


[[projects]]
  branch = "master"
  name = "github.com/matryer/filedb"
  packages = ["."]
  revision = "3641db67a8c989375ff081fe797ca170a2c54bb5"

[solve-meta]
  analyzer-name = "dep"
  analyzer-version = 1
  inputs-digest = "535756946846219562028847867032c7b7ec7a0ddddcf21de55e6a359018e1f8"
  solver-name = "gps-cdcl"
  solver-version = 1
